schema: '2.0'
stages:
  process:
    cmd: python -m mlops_secop.data.process_secop
    deps:
    - path: data/raw/secop_ii
      hash: md5
      md5: 6b8741c0c716ebd039758ecd8a5e6b63.dir
      size: 1919027041
      nfiles: 1718
    - path: src/mlops_secop/data/process_secop.py
      hash: md5
      md5: 9c79f19ce54c09d465732749364479c1
      size: 6068
    outs:
    - path: data/processed/secop_ii/contracts.parquet
      hash: md5
      md5: 8c1f5c71ead91bc63d73a9baa352737f
      size: 2488799225
  features:
    cmd: python -m mlops_secop.features.build_features
    deps:
    - path: data/processed/secop_ii/contracts.parquet
      hash: md5
      md5: 8c1f5c71ead91bc63d73a9baa352737f
      size: 2488799225
    - path: src/mlops_secop/config.py
      hash: md5
      md5: 084054a9e7ae15f2d2d58eaad24ec6b7
      size: 6741
    - path: src/mlops_secop/features/build_features.py
      hash: md5
      md5: d0c1862de2606ea830f6355a03ac53b0
      size: 10199
    outs:
    - path: data/processed/secop_ii/features.parquet
      hash: md5
      md5: 62f1e95dd5a98eb82a5667baf5423a4c
      size: 981681167
