schema: '2.0'
stages:
  process:
    cmd: python -m mlops_secop.data.process_secop
    deps:
    - path: data/raw/secop_ii
      hash: md5
      md5: 6b8741c0c716ebd039758ecd8a5e6b63.dir
      size: 1919027041
      nfiles: 1718
    - path: src/mlops_secop/data/process_secop.py
      hash: md5
      md5: 713962116eff3fdb4b5c3e785643370b
      size: 5906
    outs:
    - path: data/processed/secop_ii/contracts.parquet
      hash: md5
      md5: 8c1f5c71ead91bc63d73a9baa352737f
      size: 2488799225
  features:
    cmd: python -m mlops_secop.features.build_features
    deps:
    - path: data/processed/secop_ii/contracts.parquet
      hash: md5
      md5: 8c1f5c71ead91bc63d73a9baa352737f
      size: 2488799225
    - path: src/mlops_secop/config.py
      hash: md5
      md5: 087cd0263c6cdba1eec2580b045d4258
      size: 6570
    - path: src/mlops_secop/features/build_features.py
      hash: md5
      md5: 0dbd1a904aa6fe37367983a7ba8cabdf
      size: 9831
    outs:
    - path: data/processed/secop_ii/features.parquet
      hash: md5
      md5: 62f1e95dd5a98eb82a5667baf5423a4c
      size: 981681167
